// !$*UTF8*$!
{
	archiveVersion = 1;
	classes = {
	};
	objectVersion = 50;
	objects = {

/* Begin PBXBuildFile section */
		A405BCF02171198E00793819 /* AppDelegate.swift in Sources */ = {isa = PBXBuildFile; fileRef = A405BCEF2171198E00793819 /* AppDelegate.swift */; };
		A405BCF52171198E00793819 /* Main.storyboard in Resources */ = {isa = PBXBuildFile; fileRef = A405BCF32171198E00793819 /* Main.storyboard */; };
		A405BCF72171198F00793819 /* Assets.xcassets in Resources */ = {isa = PBXBuildFile; fileRef = A405BCF62171198F00793819 /* Assets.xcassets */; };
		A405BCFA2171198F00793819 /* LaunchScreen.storyboard in Resources */ = {isa = PBXBuildFile; fileRef = A405BCF82171198F00793819 /* LaunchScreen.storyboard */; };
		A428F351218A5F3800871B44 /* ProfileVC.swift in Sources */ = {isa = PBXBuildFile; fileRef = A428F34F218A5F3800871B44 /* ProfileVC.swift */; };
		A428F352218A5F3800871B44 /* ProfileVC.xib in Resources */ = {isa = PBXBuildFile; fileRef = A428F350218A5F3800871B44 /* ProfileVC.xib */; };
		A44A58C6217423AD00963558 /* SWRevealViewController.m in Sources */ = {isa = PBXBuildFile; fileRef = A44A58C5217423AD00963558 /* SWRevealViewController.m */; };
		A44A58CB2174259A00963558 /* ChatVC.swift in Sources */ = {isa = PBXBuildFile; fileRef = A44A58CA2174259A00963558 /* ChatVC.swift */; };
		A44A58CD217425AB00963558 /* ChannelVC.swift in Sources */ = {isa = PBXBuildFile; fileRef = A44A58CC217425AB00963558 /* ChannelVC.swift */; };
		A44A58CF217432C500963558 /* GradientView.swift in Sources */ = {isa = PBXBuildFile; fileRef = A44A58CE217432C500963558 /* GradientView.swift */; };
		A4943BB6217E27E7001E8903 /* AvatarPickerVC.swift in Sources */ = {isa = PBXBuildFile; fileRef = A4943BB5217E27E7001E8903 /* AvatarPickerVC.swift */; };
		A4943BB8217E3096001E8903 /* AvatarCell.swift in Sources */ = {isa = PBXBuildFile; fileRef = A4943BB7217E3096001E8903 /* AvatarCell.swift */; };
		A4D8D02421815CEB0006ADE8 /* CircleImage.swift in Sources */ = {isa = PBXBuildFile; fileRef = A4D8D02321815CEB0006ADE8 /* CircleImage.swift */; };
		A4DB38182176724400273B03 /* Constants.swift in Sources */ = {isa = PBXBuildFile; fileRef = A4DB38172176724400273B03 /* Constants.swift */; };
		A4DB381A2176772400273B03 /* LoginVC.swift in Sources */ = {isa = PBXBuildFile; fileRef = A4DB38192176772400273B03 /* LoginVC.swift */; };
		A4DB381C217792A100273B03 /* CreateAccountVC.swift in Sources */ = {isa = PBXBuildFile; fileRef = A4DB381B217792A100273B03 /* CreateAccountVC.swift */; };
		A4DB381F2177DB6400273B03 /* AuthService.swift in Sources */ = {isa = PBXBuildFile; fileRef = A4DB381E2177DB6400273B03 /* AuthService.swift */; };
		A4DB38212177EE6C00273B03 /* RoundedButton.swift in Sources */ = {isa = PBXBuildFile; fileRef = A4DB38202177EE6C00273B03 /* RoundedButton.swift */; };
		A4DB3823217A80FA00273B03 /* UserDataService.swift in Sources */ = {isa = PBXBuildFile; fileRef = A4DB3822217A80FA00273B03 /* UserDataService.swift */; };
		E6E5EEBD6BF27A83E8324F85 /* Pods_smack.framework in Frameworks */ = {isa = PBXBuildFile; fileRef = 1ECAE9183A466206F1C473B9 /* Pods_smack.framework */; };
/* End PBXBuildFile section */

/* Begin PBXFileReference section */
		1ECAE9183A466206F1C473B9 /* Pods_smack.framework */ = {isa = PBXFileReference; explicitFileType = wrapper.framework; includeInIndex = 0; path = Pods_smack.framework; sourceTree = BUILT_PRODUCTS_DIR; };
		628B64816AC8B59C18D10DDC /* Pods-smack.release.xcconfig */ = {isa = PBXFileReference; includeInIndex = 1; lastKnownFileType = text.xcconfig; name = "Pods-smack.release.xcconfig"; path = "Pods/Target Support Files/Pods-smack/Pods-smack.release.xcconfig"; sourceTree = "<group>"; };
		65DB3C805B17C5906CC532C7 /* Pods-smack.debug.xcconfig */ = {isa = PBXFileReference; includeInIndex = 1; lastKnownFileType = text.xcconfig; name = "Pods-smack.debug.xcconfig"; path = "Pods/Target Support Files/Pods-smack/Pods-smack.debug.xcconfig"; sourceTree = "<group>"; };
		A405BCEC2171198E00793819 /* smack.app */ = {isa = PBXFileReference; explicitFileType = wrapper.application; includeInIndex = 0; path = smack.app; sourceTree = BUILT_PRODUCTS_DIR; };
		A405BCEF2171198E00793819 /* AppDelegate.swift */ = {isa = PBXFileReference; lastKnownFileType = sourcecode.swift; path = AppDelegate.swift; sourceTree = "<group>"; };
		A405BCF42171198E00793819 /* Base */ = {isa = PBXFileReference; lastKnownFileType = file.storyboard; name = Base; path = Base.lproj/Main.storyboard; sourceTree = "<group>"; };
		A405BCF62171198F00793819 /* Assets.xcassets */ = {isa = PBXFileReference; lastKnownFileType = folder.assetcatalog; path = Assets.xcassets; sourceTree = "<group>"; };
		A405BCF92171198F00793819 /* Base */ = {isa = PBXFileReference; lastKnownFileType = file.storyboard; name = Base; path = Base.lproj/LaunchScreen.storyboard; sourceTree = "<group>"; };
		A405BCFB2171198F00793819 /* Info.plist */ = {isa = PBXFileReference; lastKnownFileType = text.plist.xml; path = Info.plist; sourceTree = "<group>"; };
		A428F34F218A5F3800871B44 /* ProfileVC.swift */ = {isa = PBXFileReference; lastKnownFileType = sourcecode.swift; path = ProfileVC.swift; sourceTree = "<group>"; };
		A428F350218A5F3800871B44 /* ProfileVC.xib */ = {isa = PBXFileReference; lastKnownFileType = file.xib; path = ProfileVC.xib; sourceTree = "<group>"; };
		A44A58C3217423AC00963558 /* smack-Bridging-Header.h */ = {isa = PBXFileReference; lastKnownFileType = sourcecode.c.h; path = "smack-Bridging-Header.h"; sourceTree = "<group>"; };
		A44A58C4217423AD00963558 /* SWRevealViewController.h */ = {isa = PBXFileReference; fileEncoding = 4; lastKnownFileType = sourcecode.c.h; path = SWRevealViewController.h; sourceTree = "<group>"; };
		A44A58C5217423AD00963558 /* SWRevealViewController.m */ = {isa = PBXFileReference; fileEncoding = 4; lastKnownFileType = sourcecode.c.objc; path = SWRevealViewController.m; sourceTree = "<group>"; };
		A44A58CA2174259A00963558 /* ChatVC.swift */ = {isa = PBXFileReference; lastKnownFileType = sourcecode.swift; path = ChatVC.swift; sourceTree = "<group>"; };
		A44A58CC217425AB00963558 /* ChannelVC.swift */ = {isa = PBXFileReference; lastKnownFileType = sourcecode.swift; path = ChannelVC.swift; sourceTree = "<group>"; };
		A44A58CE217432C500963558 /* GradientView.swift */ = {isa = PBXFileReference; lastKnownFileType = sourcecode.swift; path = GradientView.swift; sourceTree = "<group>"; };
		A4943BB5217E27E7001E8903 /* AvatarPickerVC.swift */ = {isa = PBXFileReference; lastKnownFileType = sourcecode.swift; path = AvatarPickerVC.swift; sourceTree = "<group>"; };
		A4943BB7217E3096001E8903 /* AvatarCell.swift */ = {isa = PBXFileReference; lastKnownFileType = sourcecode.swift; path = AvatarCell.swift; sourceTree = "<group>"; };
		A4D8D02321815CEB0006ADE8 /* CircleImage.swift */ = {isa = PBXFileReference; lastKnownFileType = sourcecode.swift; path = CircleImage.swift; sourceTree = "<group>"; };
		A4DB38172176724400273B03 /* Constants.swift */ = {isa = PBXFileReference; lastKnownFileType = sourcecode.swift; path = Constants.swift; sourceTree = "<group>"; };
		A4DB38192176772400273B03 /* LoginVC.swift */ = {isa = PBXFileReference; lastKnownFileType = sourcecode.swift; path = LoginVC.swift; sourceTree = "<group>"; };
		A4DB381B217792A100273B03 /* CreateAccountVC.swift */ = {isa = PBXFileReference; lastKnownFileType = sourcecode.swift; path = CreateAccountVC.swift; sourceTree = "<group>"; };
		A4DB381E2177DB6400273B03 /* AuthService.swift */ = {isa = PBXFileReference; lastKnownFileType = sourcecode.swift; path = AuthService.swift; sourceTree = "<group>"; };
		A4DB38202177EE6C00273B03 /* RoundedButton.swift */ = {isa = PBXFileReference; lastKnownFileType = sourcecode.swift; path = RoundedButton.swift; sourceTree = "<group>"; };
		A4DB3822217A80FA00273B03 /* UserDataService.swift */ = {isa = PBXFileReference; lastKnownFileType = sourcecode.swift; path = UserDataService.swift; sourceTree = "<group>"; };
/* End PBXFileReference section */

/* Begin PBXFrameworksBuildPhase section */
		A405BCE92171198E00793819 /* Frameworks */ = {
			isa = PBXFrameworksBuildPhase;
			buildActionMask = 2147483647;
			files = (
				E6E5EEBD6BF27A83E8324F85 /* Pods_smack.framework in Frameworks */,
			);
			runOnlyForDeploymentPostprocessing = 0;
		};
/* End PBXFrameworksBuildPhase section */

/* Begin PBXGroup section */
		A405BCE32171198E00793819 = {
			isa = PBXGroup;
			children = (
				A405BCEE2171198E00793819 /* smack */,
				A405BCED2171198E00793819 /* Products */,
				BB369C5FC6F4EADB40597294 /* Pods */,
				E3756E123E84B698C36E6C77 /* Frameworks */,
			);
			sourceTree = "<group>";
		};
		A405BCED2171198E00793819 /* Products */ = {
			isa = PBXGroup;
			children = (
				A405BCEC2171198E00793819 /* smack.app */,
			);
			name = Products;
			sourceTree = "<group>";
		};
		A405BCEE2171198E00793819 /* smack */ = {
			isa = PBXGroup;
			children = (
				A428F353218A5F4D00871B44 /* XIBs */,
				A4DB381D2177DB4D00273B03 /* Services */,
				A4DB38162176722300273B03 /* Utilities */,
				A44A58C92174257D00963558 /* Model */,
				A44A58C82174257700963558 /* View */,
				A44A58C72174256E00963558 /* Controller */,
				A44A58C22174235300963558 /* Supporting Files */,
				A405BCEF2171198E00793819 /* AppDelegate.swift */,
				A405BCF32171198E00793819 /* Main.storyboard */,
				A405BCF62171198F00793819 /* Assets.xcassets */,
				A405BCF82171198F00793819 /* LaunchScreen.storyboard */,
				A405BCFB2171198F00793819 /* Info.plist */,
			);
			path = smack;
			sourceTree = "<group>";
		};
		A428F353218A5F4D00871B44 /* XIBs */ = {
			isa = PBXGroup;
			children = (
				A428F350218A5F3800871B44 /* ProfileVC.xib */,
			);
			path = XIBs;
			sourceTree = "<group>";
		};
		A44A58C22174235300963558 /* Supporting Files */ = {
			isa = PBXGroup;
			children = (
				A44A58C4217423AD00963558 /* SWRevealViewController.h */,
				A44A58C5217423AD00963558 /* SWRevealViewController.m */,
				A44A58C3217423AC00963558 /* smack-Bridging-Header.h */,
			);
			path = "Supporting Files";
			sourceTree = "<group>";
		};
		A44A58C72174256E00963558 /* Controller */ = {
			isa = PBXGroup;
			children = (
				A44A58CA2174259A00963558 /* ChatVC.swift */,
				A44A58CC217425AB00963558 /* ChannelVC.swift */,
				A4DB38192176772400273B03 /* LoginVC.swift */,
				A4DB381B217792A100273B03 /* CreateAccountVC.swift */,
				A4943BB5217E27E7001E8903 /* AvatarPickerVC.swift */,
				A428F34F218A5F3800871B44 /* ProfileVC.swift */,
			);
			path = Controller;
			sourceTree = "<group>";
		};
		A44A58C82174257700963558 /* View */ = {
			isa = PBXGroup;
			children = (
				A44A58CE217432C500963558 /* GradientView.swift */,
				A4DB38202177EE6C00273B03 /* RoundedButton.swift */,
				A4943BB7217E3096001E8903 /* AvatarCell.swift */,
				A4D8D02321815CEB0006ADE8 /* CircleImage.swift */,
			);
			path = View;
			sourceTree = "<group>";
		};
		A44A58C92174257D00963558 /* Model */ = {
			isa = PBXGroup;
			children = (
			);
			path = Model;
			sourceTree = "<group>";
		};
		A4DB38162176722300273B03 /* Utilities */ = {
			isa = PBXGroup;
			children = (
				A4DB38172176724400273B03 /* Constants.swift */,
			);
			path = Utilities;
			sourceTree = "<group>";
		};
		A4DB381D2177DB4D00273B03 /* Services */ = {
			isa = PBXGroup;
			children = (
				A4DB381E2177DB6400273B03 /* AuthService.swift */,
				A4DB3822217A80FA00273B03 /* UserDataService.swift */,
			);
			path = Services;
			sourceTree = "<group>";
		};
		BB369C5FC6F4EADB40597294 /* Pods */ = {
			isa = PBXGroup;
			children = (
				65DB3C805B17C5906CC532C7 /* Pods-smack.debug.xcconfig */,
				628B64816AC8B59C18D10DDC /* Pods-smack.release.xcconfig */,
			);
			name = Pods;
			sourceTree = "<group>";
		};
		E3756E123E84B698C36E6C77 /* Frameworks */ = {
			isa = PBXGroup;
			children = (
				1ECAE9183A466206F1C473B9 /* Pods_smack.framework */,
			);
			name = Frameworks;
			sourceTree = "<group>";
		};
/* End PBXGroup section */

/* Begin PBXNativeTarget section */
		A405BCEB2171198E00793819 /* smack */ = {
			isa = PBXNativeTarget;
			buildConfigurationList = A405BCFE2171198F00793819 /* Build configuration list for PBXNativeTarget "smack" */;
			buildPhases = (
				387D5143FDC2BF1653051A3F /* [CP] Check Pods Manifest.lock */,
				A405BCE82171198E00793819 /* Sources */,
				A405BCE92171198E00793819 /* Frameworks */,
				A405BCEA2171198E00793819 /* Resources */,
				2C41BA0DCEC2A72C226144F2 /* [CP] Embed Pods Frameworks */,
			);
			buildRules = (
			);
			dependencies = (
			);
			name = smack;
			productName = smack;
			productReference = A405BCEC2171198E00793819 /* smack.app */;
			productType = "com.apple.product-type.application";
		};
/* End PBXNativeTarget section */

/* Begin PBXProject section */
		A405BCE42171198E00793819 /* Project object */ = {
			isa = PBXProject;
			attributes = {
				LastSwiftUpdateCheck = 0940;
				LastUpgradeCheck = 0940;
				ORGANIZATIONNAME = "Mario Galluscio";
				TargetAttributes = {
					A405BCEB2171198E00793819 = {
						CreatedOnToolsVersion = 9.4.1;
						LastSwiftMigration = 1000;
					};
				};
			};
			buildConfigurationList = A405BCE72171198E00793819 /* Build configuration list for PBXProject "smack" */;
			compatibilityVersion = "Xcode 9.3";
			developmentRegion = en;
			hasScannedForEncodings = 0;
			knownRegions = (
				en,
				Base,
			);
			mainGroup = A405BCE32171198E00793819;
			productRefGroup = A405BCED2171198E00793819 /* Products */;
			projectDirPath = "";
			projectRoot = "";
			targets = (
				A405BCEB2171198E00793819 /* smack */,
			);
		};
/* End PBXProject section */

/* Begin PBXResourcesBuildPhase section */
		A405BCEA2171198E00793819 /* Resources */ = {
			isa = PBXResourcesBuildPhase;
			buildActionMask = 2147483647;
			files = (
				A428F352218A5F3800871B44 /* ProfileVC.xib in Resources */,
				A405BCFA2171198F00793819 /* LaunchScreen.storyboard in Resources */,
				A405BCF72171198F00793819 /* Assets.xcassets in Resources */,
				A405BCF52171198E00793819 /* Main.storyboard in Resources */,
			);
			runOnlyForDeploymentPostprocessing = 0;
		};
/* End PBXResourcesBuildPhase section */

/* Begin PBXShellScriptBuildPhase section */
		2C41BA0DCEC2A72C226144F2 /* [CP] Embed Pods Frameworks */ = {
			isa = PBXShellScriptBuildPhase;
			buildActionMask = 2147483647;
			files = (
			);
			inputPaths = (
				"${SRCROOT}/Pods/Target Support Files/Pods-smack/Pods-smack-frameworks.sh",
				"${BUILT_PRODUCTS_DIR}/Alamofire/Alamofire.framework",
				"${BUILT_PRODUCTS_DIR}/Socket.IO-Client-Swift/SocketIO.framework",
				"${BUILT_PRODUCTS_DIR}/Starscream/Starscream.framework",
				"${BUILT_PRODUCTS_DIR}/SwiftyJSON/SwiftyJSON.framework",
			);
			name = "[CP] Embed Pods Frameworks";
			outputPaths = (
				"${TARGET_BUILD_DIR}/${FRAMEWORKS_FOLDER_PATH}/Alamofire.framework",
				"${TARGET_BUILD_DIR}/${FRAMEWORKS_FOLDER_PATH}/SocketIO.framework",
				"${TARGET_BUILD_DIR}/${FRAMEWORKS_FOLDER_PATH}/Starscream.framework",
				"${TARGET_BUILD_DIR}/${FRAMEWORKS_FOLDER_PATH}/SwiftyJSON.framework",
			);
			runOnlyForDeploymentPostprocessing = 0;
			shellPath = /bin/sh;
			shellScript = "\"${SRCROOT}/Pods/Target Support Files/Pods-smack/Pods-smack-frameworks.sh\"\n";
			showEnvVarsInLog = 0;
		};
		387D5143FDC2BF1653051A3F /* [CP] Check Pods Manifest.lock */ = {
			isa = PBXShellScriptBuildPhase;
			buildActionMask = 2147483647;
			files = (
			);
			inputPaths = (
				"${PODS_PODFILE_DIR_PATH}/Podfile.lock",
				"${PODS_ROOT}/Manifest.lock",
			);
			name = "[CP] Check Pods Manifest.lock";
			outputPaths = (
				"$(DERIVED_FILE_DIR)/Pods-smack-checkManifestLockResult.txt",
			);
			runOnlyForDeploymentPostprocessing = 0;
			shellPath = /bin/sh;
			shellScript = "diff \"${PODS_PODFILE_DIR_PATH}/Podfile.lock\" \"${PODS_ROOT}/Manifest.lock\" > /dev/null\nif [ $? != 0 ] ; then\n    # print error to STDERR\n    echo \"error: The sandbox is not in sync with the Podfile.lock. Run 'pod install' or update your CocoaPods installation.\" >&2\n    exit 1\nfi\n# This output is used by Xcode 'outputs' to avoid re-running this script phase.\necho \"SUCCESS\" > \"${SCRIPT_OUTPUT_FILE_0}\"\n";
			showEnvVarsInLog = 0;
		};
/* End PBXShellScriptBuildPhase section */

/* Begin PBXSourcesBuildPhase section */
		A405BCE82171198E00793819 /* Sources */ = {
			isa = PBXSourcesBuildPhase;
			buildActionMask = 2147483647;
			files = (
				A428F351218A5F3800871B44 /* ProfileVC.swift in Sources */,
				A44A58CD217425AB00963558 /* ChannelVC.swift in Sources */,
				A4943BB6217E27E7001E8903 /* AvatarPickerVC.swift in Sources */,
				A4DB38212177EE6C00273B03 /* RoundedButton.swift in Sources */,
				A4D8D02421815CEB0006ADE8 /* CircleImage.swift in Sources */,
				A44A58CB2174259A00963558 /* ChatVC.swift in Sources */,
				A4DB3823217A80FA00273B03 /* UserDataService.swift in Sources */,
				A4DB381C217792A100273B03 /* CreateAccountVC.swift in Sources */,
				A4DB381F2177DB6400273B03 /* AuthService.swift in Sources */,
				A4DB381A2176772400273B03 /* LoginVC.swift in Sources */,
				A44A58CF217432C500963558 /* GradientView.swift in Sources */,
				A4943BB8217E3096001E8903 /* AvatarCell.swift in Sources */,
				A405BCF02171198E00793819 /* AppDelegate.swift in Sources */,
				A44A58C6217423AD00963558 /* SWRevealViewController.m in Sources */,
				A4DB38182176724400273B03 /* Constants.swift in Sources */,
			);
			runOnlyForDeploymentPostprocessing = 0;
		};
/* End PBXSourcesBuildPhase section */

/* Begin PBXVariantGroup section */
		A405BCF32171198E00793819 /* Main.storyboard */ = {
			isa = PBXVariantGroup;
			children = (
				A405BCF42171198E00793819 /* Base */,
			);
			name = Main.storyboard;
			sourceTree = "<group>";
		};
		A405BCF82171198F00793819 /* LaunchScreen.storyboard */ = {
			isa = PBXVariantGroup;
			children = (
				A405BCF92171198F00793819 /* Base */,
			);
			name = LaunchScreen.storyboard;
			sourceTree = "<group>";
		};
/* End PBXVariantGroup section */

/* Begin XCBuildConfiguration section */
		A405BCFC2171198F00793819 /* Debug */ = {
			isa = XCBuildConfiguration;
			buildSettings = {
				ALWAYS_SEARCH_USER_PATHS = NO;
				CLANG_ANALYZER_NONNULL = YES;
				CLANG_ANALYZER_NUMBER_OBJECT_CONVERSION = YES_AGGRESSIVE;
				CLANG_CXX_LANGUAGE_STANDARD = "gnu++14";
				CLANG_CXX_LIBRARY = "libc++";
				CLANG_ENABLE_MODULES = YES;
				CLANG_ENABLE_OBJC_ARC = YES;
				CLANG_ENABLE_OBJC_WEAK = YES;
				CLANG_WARN_BLOCK_CAPTURE_AUTORELEASING = YES;
				CLANG_WARN_BOOL_CONVERSION = YES;
				CLANG_WARN_COMMA = YES;
				CLANG_WARN_CONSTANT_CONVERSION = YES;
				CLANG_WARN_DEPRECATED_OBJC_IMPLEMENTATIONS = YES;
				CLANG_WARN_DIRECT_OBJC_ISA_USAGE = YES_ERROR;
				CLANG_WARN_DOCUMENTATION_COMMENTS = YES;
				CLANG_WARN_EMPTY_BODY = YES;
				CLANG_WARN_ENUM_CONVERSION = YES;
				CLANG_WARN_INFINITE_RECURSION = YES;
				CLANG_WARN_INT_CONVERSION = YES;
				CLANG_WARN_NON_LITERAL_NULL_CONVERSION = YES;
				CLANG_WARN_OBJC_IMPLICIT_RETAIN_SELF = YES;
				CLANG_WARN_OBJC_LITERAL_CONVERSION = YES;
				CLANG_WARN_OBJC_ROOT_CLASS = YES_ERROR;
				CLANG_WARN_RANGE_LOOP_ANALYSIS = YES;
				CLANG_WARN_STRICT_PROTOTYPES = YES;
				CLANG_WARN_SUSPICIOUS_MOVE = YES;
				CLANG_WARN_UNGUARDED_AVAILABILITY = YES_AGGRESSIVE;
				CLANG_WARN_UNREACHABLE_CODE = YES;
				CLANG_WARN__DUPLICATE_METHOD_MATCH = YES;
				CODE_SIGN_IDENTITY = "iPhone Developer";
				COPY_PHASE_STRIP = NO;
				DEBUG_INFORMATION_FORMAT = dwarf;
				ENABLE_STRICT_OBJC_MSGSEND = YES;
				ENABLE_TESTABILITY = YES;
				GCC_C_LANGUAGE_STANDARD = gnu11;
				GCC_DYNAMIC_NO_PIC = NO;
				GCC_NO_COMMON_BLOCKS = YES;
				GCC_OPTIMIZATION_LEVEL = 0;
				GCC_PREPROCESSOR_DEFINITIONS = (
					"DEBUG=1",
					"$(inherited)",
				);
				GCC_WARN_64_TO_32_BIT_CONVERSION = YES;
				GCC_WARN_ABOUT_RETURN_TYPE = YES_ERROR;
				GCC_WARN_UNDECLARED_SELECTOR = YES;
				GCC_WARN_UNINITIALIZED_AUTOS = YES_AGGRESSIVE;
				GCC_WARN_UNUSED_FUNCTION = YES;
				GCC_WARN_UNUSED_VARIABLE = YES;
				IPHONEOS_DEPLOYMENT_TARGET = 11.4;
				MTL_ENABLE_DEBUG_INFO = YES;
				ONLY_ACTIVE_ARCH = YES;
				SDKROOT = iphoneos;
				SWIFT_ACTIVE_COMPILATION_CONDITIONS = DEBUG;
				SWIFT_OPTIMIZATION_LEVEL = "-Onone";
			};
			name = Debug;
		};
		A405BCFD2171198F00793819 /* Release */ = {
			isa = XCBuildConfiguration;
			buildSettings = {
				ALWAYS_SEARCH_USER_PATHS = NO;
				CLANG_ANALYZER_NONNULL = YES;
				CLANG_ANALYZER_NUMBER_OBJECT_CONVERSION = YES_AGGRESSIVE;
				CLANG_CXX_LANGUAGE_STANDARD = "gnu++14";
				CLANG_CXX_LIBRARY = "libc++";
				CLANG_ENABLE_MODULES = YES;
				CLANG_ENABLE_OBJC_ARC = YES;
				CLANG_ENABLE_OBJC_WEAK = YES;
				CLANG_WARN_BLOCK_CAPTURE_AUTORELEASING = YES;
				CLANG_WARN_BOOL_CONVERSION = YES;
				CLANG_WARN_COMMA = YES;
				CLANG_WARN_CONSTANT_CONVERSION = YES;
				CLANG_WARN_DEPRECATED_OBJC_IMPLEMENTATIONS = YES;
				CLANG_WARN_DIRECT_OBJC_ISA_USAGE = YES_ERROR;
				CLANG_WARN_DOCUMENTATION_COMMENTS = YES;
				CLANG_WARN_EMPTY_BODY = YES;
				CLANG_WARN_ENUM_CONVERSION = YES;
				CLANG_WARN_INFINITE_RECURSION = YES;
				CLANG_WARN_INT_CONVERSION = YES;
				CLANG_WARN_NON_LITERAL_NULL_CONVERSION = YES;
				CLANG_WARN_OBJC_IMPLICIT_RETAIN_SELF = YES;
				CLANG_WARN_OBJC_LITERAL_CONVERSION = YES;
				CLANG_WARN_OBJC_ROOT_CLASS = YES_ERROR;
				CLANG_WARN_RANGE_LOOP_ANALYSIS = YES;
				CLANG_WARN_STRICT_PROTOTYPES = YES;
				CLANG_WARN_SUSPICIOUS_MOVE = YES;
				CLANG_WARN_UNGUARDED_AVAILABILITY = YES_AGGRESSIVE;
				CLANG_WARN_UNREACHABLE_CODE = YES;
				CLANG_WARN__DUPLICATE_METHOD_MATCH = YES;
				CODE_SIGN_IDENTITY = "iPhone Developer";
				COPY_PHASE_STRIP = NO;
				DEBUG_INFORMATION_FORMAT = "dwarf-with-dsym";
				ENABLE_NS_ASSERTIONS = NO;
				ENABLE_STRICT_OBJC_MSGSEND = YES;
				GCC_C_LANGUAGE_STANDARD = gnu11;
				GCC_NO_COMMON_BLOCKS = YES;
				GCC_WARN_64_TO_32_BIT_CONVERSION = YES;
				GCC_WARN_ABOUT_RETURN_TYPE = YES_ERROR;
				GCC_WARN_UNDECLARED_SELECTOR = YES;
				GCC_WARN_UNINITIALIZED_AUTOS = YES_AGGRESSIVE;
				GCC_WARN_UNUSED_FUNCTION = YES;
				GCC_WARN_UNUSED_VARIABLE = YES;
				IPHONEOS_DEPLOYMENT_TARGET = 11.4;
				MTL_ENABLE_DEBUG_INFO = NO;
				SDKROOT = iphoneos;
				SWIFT_COMPILATION_MODE = wholemodule;
				SWIFT_OPTIMIZATION_LEVEL = "-O";
				VALIDATE_PRODUCT = YES;
			};
			name = Release;
		};
		A405BCFF2171198F00793819 /* Debug */ = {
			isa = XCBuildConfiguration;
			baseConfigurationReference = 65DB3C805B17C5906CC532C7 /* Pods-smack.debug.xcconfig */;
			buildSettings = {
				ASSETCATALOG_COMPILER_APPICON_NAME = AppIcon;
				CLANG_ENABLE_MODULES = YES;
				CODE_SIGN_STYLE = Automatic;
				DEVELOPMENT_TEAM = RNAWU25HDM;
				INFOPLIST_FILE = smack/Info.plist;
				LD_RUNPATH_SEARCH_PATHS = (
					"$(inherited)",
					"@executable_path/Frameworks",
				);
				PRODUCT_BUNDLE_IDENTIFIER = Mario.smack;
				PRODUCT_NAME = "$(TARGET_NAME)";
				SWIFT_OBJC_BRIDGING_HEADER = "smack/Supporting Files/smack-Bridging-Header.h";
				SWIFT_OPTIMIZATION_LEVEL = "-Onone";
				SWIFT_VERSION = 4.0;
				TARGETED_DEVICE_FAMILY = "1,2";
			};
			name = Debug;
		};
		A405BD002171198F00793819 /* Release */ = {
			isa = XCBuildConfiguration;
			baseConfigurationReference = 628B64816AC8B59C18D10DDC /* Pods-smack.release.xcconfig */;
			buildSettings = {
				ASSETCATALOG_COMPILER_APPICON_NAME = AppIcon;
				CLANG_ENABLE_MODULES = YES;
				CODE_SIGN_STYLE = Automatic;
				DEVELOPMENT_TEAM = RNAWU25HDM;
				INFOPLIST_FILE = smack/Info.plist;
				LD_RUNPATH_SEARCH_PATHS = (
					"$(inherited)",
					"@executable_path/Frameworks",
				);
				PRODUCT_BUNDLE_IDENTIFIER = Mario.smack;
				PRODUCT_NAME = "$(TARGET_NAME)";
				SWIFT_OBJC_BRIDGING_HEADER = "smack/Supporting Files/smack-Bridging-Header.h";
				SWIFT_VERSION = 4.0;
				TARGETED_DEVICE_FAMILY = "1,2";
			};
			name = Release;
		};
/* End XCBuildConfiguration section */

/* Begin XCConfigurationList section */
		A405BCE72171198E00793819 /* Build configuration list for PBXProject "smack" */ = {
			isa = XCConfigurationList;
			buildConfigurations = (
				A405BCFC2171198F00793819 /* Debug */,
				A405BCFD2171198F00793819 /* Release */,
			);
			defaultConfigurationIsVisible = 0;
			defaultConfigurationName = Release;
		};
		A405BCFE2171198F00793819 /* Build configuration list for PBXNativeTarget "smack" */ = {
			isa = XCConfigurationList;
			buildConfigurations = (
				A405BCFF2171198F00793819 /* Debug */,
				A405BD002171198F00793819 /* Release */,
			);
			defaultConfigurationIsVisible = 0;
			defaultConfigurationName = Release;
		};
/* End XCConfigurationList section */
	};
	rootObject = A405BCE42171198E00793819 /* Project object */;
}
